
Microsoft Visual Studio Solution File, Format Version 12.00
# Visual Studio Version 17
VisualStudioVersion = 17.3.32929.385
MinimumVisualStudioVersion = 10.0.40219.1
Project("{9A19103F-16F7-4668-BE54-9A1E7A4F7556}") = "hom work", "hom work\hom work.csproj", "{6646C631-D879-4B22-A4E3-35949ED696C2}"
EndProject
Project("{9A19103F-16F7-4668-BE54-9A1E7A4F7556}") = "hom work_2", "hom work_2\hom work_2.csproj", "{F5442341-3C9F-4A72-BD0A-F0718F3E07A5}"
EndProject
Project("{FAE04EC0-301F-11D3-BF4B-00C04F79EFBC}") = "hom work_3", "hom work_3\hom work_3.csproj", "{00B666B7-D231-493F-BF9C-AA29258BBC3B}"
EndProject
Global
	GlobalSection(SolutionConfigurationPlatforms) = preSolution
		Debug|Any CPU = Debug|Any CPU
		Release|Any CPU = Release|Any CPU
	EndGlobalSection
	GlobalSection(ProjectConfigurationPlatforms) = postSolution
		{6646C631-D879-4B22-A4E3-35949ED696C2}.Debug|Any CPU.ActiveCfg = Debug|Any CPU
		{6646C631-D879-4B22-A4E3-35949ED696C2}.Debug|Any CPU.Build.0 = Debug|Any CPU
		{6646C631-D879-4B22-A4E3-35949ED696C2}.Release|Any CPU.ActiveCfg = Release|Any CPU
		{6646C631-D879-4B22-A4E3-35949ED696C2}.Release|Any CPU.Build.0 = Release|Any CPU
		{F5442341-3C9F-4A72-BD0A-F0718F3E07A5}.Debug|Any CPU.ActiveCfg = Debug|Any CPU
		{F5442341-3C9F-4A72-BD0A-F0718F3E07A5}.Debug|Any CPU.Build.0 = Debug|Any CPU
		{F5442341-3C9F-4A72-BD0A-F0718F3E07A5}.Release|Any CPU.ActiveCfg = Release|Any CPU
		{F5442341-3C9F-4A72-BD0A-F0718F3E07A5}.Release|Any CPU.Build.0 = Release|Any CPU
		{00B666B7-D231-493F-BF9C-AA29258BBC3B}.Debug|Any CPU.ActiveCfg = Debug|Any CPU
		{00B666B7-D231-493F-BF9C-AA29258BBC3B}.Debug|Any CPU.Build.0 = Debug|Any CPU
		{00B666B7-D231-493F-BF9C-AA29258BBC3B}.Release|Any CPU.ActiveCfg = Release|Any CPU
		{00B666B7-D231-493F-BF9C-AA29258BBC3B}.Release|Any CPU.Build.0 = Release|Any CPU
	EndGlobalSection
	GlobalSection(SolutionProperties) = preSolution
		HideSolutionNode = FALSE
	EndGlobalSection
	GlobalSection(ExtensibilityGlobals) = postSolution
		SolutionGuid = {D5BD8D28-D8C1-469C-9C90-BD369CBBEDB3}
	EndGlobalSection
EndGlobal
